{
  "version": "3",
  "packages": {
    "specifiers": {
      "npm:execa@^9.5.1": "npm:execa@9.5.1",
      "npm:less@^4.1.3": "npm:less@4.2.0",
      "npm:picocolors@^1.1.1": "npm:picocolors@1.1.1",
      "npm:vite-ssr@^0.16.0": "npm:vite-ssr@0.16.0_vite@2.9.18__less@4.2.0_less@4.2.0",
      "npm:vite@^3.1.2": "npm:vite@3.2.11_less@4.2.0"
    },
    "npm": {
      "@babel/helper-string-parser@7.25.9": {
        "integrity": "sha512-4A/SCr/2KLd5jrtOMFzaKjVtAei3+2r/NChoBNoZ3EyP/+GlhoaEGoWOZUmFmoITP7zOJyHIMm+DYRd8o3PvHA==",
        "dependencies": {}
      },
      "@babel/helper-validator-identifier@7.25.9": {
        "integrity": "sha512-Ed61U6XJc3CVRfkERJWDz4dJwKe7iLmmJsbOGu9wSloNSFttHV0I8g6UAgb7qnK5ly5bGLPd4oXZlxCdANBOWQ==",
        "dependencies": {}
      },
      "@babel/parser@7.26.2": {
        "integrity": "sha512-DWMCZH9WA4Maitz2q21SRKHo9QXZxkDsbNZoVD62gusNtNBBqDg9i7uOhASfTfIGNzW+O+r7+jAlM8dwphcJKQ==",
        "dependencies": {
          "@babel/types": "@babel/types@7.26.0"
        }
      },
      "@babel/types@7.26.0": {
        "integrity": "sha512-Z/yiTPj+lDVnF7lWeKCIJzaIkI0vYO87dMpZ4bg4TDrFe4XXLFWL1TbXU27gBP3QccxV9mZICCrnjnYlJjXHOA==",
        "dependencies": {
          "@babel/helper-string-parser": "@babel/helper-string-parser@7.25.9",
          "@babel/helper-validator-identifier": "@babel/helper-validator-identifier@7.25.9"
        }
      },
      "@esbuild/android-arm@0.15.18": {
        "integrity": "sha512-5GT+kcs2WVGjVs7+boataCkO5Fg0y4kCjzkB5bAip7H4jfnOS3dA6KPiww9W1OEKTKeAcUVhdZGvgI65OXmUnw==",
        "dependencies": {}
      },
      "@esbuild/linux-loong64@0.14.54": {
        "integrity": "sha512-bZBrLAIX1kpWelV0XemxBZllyRmM6vgFQQG2GdNb+r3Fkp0FOh1NJSvekXDs7jq70k4euu1cryLMfU+mTXlEpw==",
        "dependencies": {}
      },
      "@esbuild/linux-loong64@0.15.18": {
        "integrity": "sha512-L4jVKS82XVhw2nvzLg/19ClLWg0y27ulRwuP7lcyL6AbUWB5aPglXY3M21mauDQMDfRLs8cQmeT03r/+X3cZYQ==",
        "dependencies": {}
      },
      "@jridgewell/sourcemap-codec@1.5.0": {
        "integrity": "sha512-gv3ZRaISU3fjPAgNsriBRqGWQL6quFx04YMPW/zD8XMLsU32mhCCbfbO6KZFLjvYpCZ8zyDEgqsgf+PwPaM7GQ==",
        "dependencies": {}
      },
      "@rollup/plugin-replace@3.1.0_rollup@2.79.2": {
        "integrity": "sha512-pA3XRUrSKybVYqmH5TqWNZpGxF+VV+1GrYchKgCNIj2vsSOX7CVm2RCtx8p2nrC7xvkziYyK+lSi74T93MU3YA==",
        "dependencies": {
          "@rollup/pluginutils": "@rollup/pluginutils@3.1.0_rollup@2.79.2",
          "magic-string": "magic-string@0.25.9",
          "rollup": "rollup@2.79.2"
        }
      },
      "@rollup/pluginutils@3.1.0_rollup@2.79.2": {
        "integrity": "sha512-GksZ6pr6TpIjHm8h9lSQ8pi8BE9VeubNT0OMJ3B5uZJ8pz73NPiqOtCog/x2/QzM1ENChPKxMDhiQuRHsqc+lg==",
        "dependencies": {
          "@types/estree": "@types/estree@0.0.39",
          "estree-walker": "estree-walker@1.0.1",
          "picomatch": "picomatch@2.3.1",
          "rollup": "rollup@2.79.2"
        }
      },
      "@sec-ant/readable-stream@0.4.1": {
        "integrity": "sha512-831qok9r2t8AlxLko40y2ebgSDhenenCatLVeW/uBtnHPyhHOvG0C7TvfgecV+wHzIm5KUICgzmVpWS+IMEAeg==",
        "dependencies": {}
      },
      "@sindresorhus/merge-streams@4.0.0": {
        "integrity": "sha512-tlqY9xq5ukxTUZBmoOp+m61cqwQD5pHJtFY3Mn8CA8ps6yghLH/Hw8UPdqg4OLmFW3IFlcXnQNmo/dh8HzXYIQ==",
        "dependencies": {}
      },
      "@types/estree@0.0.39": {
        "integrity": "sha512-EYNwp3bU+98cpU4lAWYYL7Zz+2gryWH1qbdDTidVd6hkiR6weksdbMadyXKXNPEkQFhXM+hVO9ZygomHXp+AIw==",
        "dependencies": {}
      },
      "@vue/compiler-core@3.5.12": {
        "integrity": "sha512-ISyBTRMmMYagUxhcpyEH0hpXRd/KqDU4ymofPgl2XAkY9ZhQ+h0ovEZJIiPop13UmR/54oA2cgMDjgroRelaEw==",
        "dependencies": {
          "@babel/parser": "@babel/parser@7.26.2",
          "@vue/shared": "@vue/shared@3.5.12",
          "entities": "entities@4.5.0",
          "estree-walker": "estree-walker@2.0.2",
          "source-map-js": "source-map-js@1.2.1"
        }
      },
      "@vue/compiler-dom@3.5.12": {
        "integrity": "sha512-9G6PbJ03uwxLHKQ3P42cMTi85lDRvGLB2rSGOiQqtXELat6uI4n8cNz9yjfVHRPIu+MsK6TE418Giruvgptckg==",
        "dependencies": {
          "@vue/compiler-core": "@vue/compiler-core@3.5.12",
          "@vue/shared": "@vue/shared@3.5.12"
        }
      },
      "@vue/compiler-sfc@3.5.12": {
        "integrity": "sha512-2k973OGo2JuAa5+ZlekuQJtitI5CgLMOwgl94BzMCsKZCX/xiqzJYzapl4opFogKHqwJk34vfsaKpfEhd1k5nw==",
        "dependencies": {
          "@babel/parser": "@babel/parser@7.26.2",
          "@vue/compiler-core": "@vue/compiler-core@3.5.12",
          "@vue/compiler-dom": "@vue/compiler-dom@3.5.12",
          "@vue/compiler-ssr": "@vue/compiler-ssr@3.5.12",
          "@vue/shared": "@vue/shared@3.5.12",
          "estree-walker": "estree-walker@2.0.2",
          "magic-string": "magic-string@0.30.12",
          "postcss": "postcss@8.4.48",
          "source-map-js": "source-map-js@1.2.1"
        }
      },
      "@vue/compiler-ssr@3.5.12": {
        "integrity": "sha512-eLwc7v6bfGBSM7wZOGPmRavSWzNFF6+PdRhE+VFJhNCgHiF8AM7ccoqcv5kBXA2eWUfigD7byekvf/JsOfKvPA==",
        "dependencies": {
          "@vue/compiler-dom": "@vue/compiler-dom@3.5.12",
          "@vue/shared": "@vue/shared@3.5.12"
        }
      },
      "@vue/reactivity@3.5.12": {
        "integrity": "sha512-UzaN3Da7xnJXdz4Okb/BGbAaomRHc3RdoWqTzlvd9+WBR5m3J39J1fGcHes7U3za0ruYn/iYy/a1euhMEHvTAg==",
        "dependencies": {
          "@vue/shared": "@vue/shared@3.5.12"
        }
      },
      "@vue/runtime-core@3.5.12": {
        "integrity": "sha512-hrMUYV6tpocr3TL3Ad8DqxOdpDe4zuQY4HPY3X/VRh+L2myQO8MFXPAMarIOSGNu0bFAjh1yBkMPXZBqCk62Uw==",
        "dependencies": {
          "@vue/reactivity": "@vue/reactivity@3.5.12",
          "@vue/shared": "@vue/shared@3.5.12"
        }
      },
      "@vue/runtime-dom@3.5.12": {
        "integrity": "sha512-q8VFxR9A2MRfBr6/55Q3umyoN7ya836FzRXajPB6/Vvuv0zOPL+qltd9rIMzG/DbRLAIlREmnLsplEF/kotXKA==",
        "dependencies": {
          "@vue/reactivity": "@vue/reactivity@3.5.12",
          "@vue/runtime-core": "@vue/runtime-core@3.5.12",
          "@vue/shared": "@vue/shared@3.5.12",
          "csstype": "csstype@3.1.3"
        }
      },
      "@vue/server-renderer@3.5.12_vue@3.5.12": {
        "integrity": "sha512-I3QoeDDeEPZm8yR28JtY+rk880Oqmj43hreIBVTicisFTx/Dl7JpG72g/X7YF8hnQD3IFhkky5i2bPonwrTVPg==",
        "dependencies": {
          "@vue/compiler-ssr": "@vue/compiler-ssr@3.5.12",
          "@vue/shared": "@vue/shared@3.5.12",
          "vue": "vue@3.5.12"
        }
      },
      "@vue/shared@3.5.12": {
        "integrity": "sha512-L2RPSAwUFbgZH20etwrXyVyCBu9OxRSi8T/38QsvnkJyvq2LufW2lDCOzm7t/U9C1mkhJGWYfCuFBCmIuNivrg==",
        "dependencies": {}
      },
      "ansi-styles@4.3.0": {
        "integrity": "sha512-zbB9rCJAT1rbjiVDb2hqKFHNYLxgtk8NURxZ3IZwD3F6NtxbXZQCnnSi1Lkx+IDohdPlFp222wVALIheZJQSEg==",
        "dependencies": {
          "color-convert": "color-convert@2.0.1"
        }
      },
      "chalk@4.1.2": {
        "integrity": "sha512-oKnbhFyRIXpUuez8iBMmyEa4nbj4IOQyuhc/wy9kY7/WVPcwIO9VA668Pu8RkO7+0G76SLROeyw9CpQ061i4mA==",
        "dependencies": {
          "ansi-styles": "ansi-styles@4.3.0",
          "supports-color": "supports-color@7.2.0"
        }
      },
      "color-convert@2.0.1": {
        "integrity": "sha512-RRECPsj7iu/xb5oKYcsFHSppFNnsj/52OVTRKb4zP5onXwVF3zVmmToNcOfGC+CRDpfK/U584fMg38ZHCaElKQ==",
        "dependencies": {
          "color-name": "color-name@1.1.4"
        }
      },
      "color-name@1.1.4": {
        "integrity": "sha512-dOy+3AuW3a2wNbZHIuMZpTcgjGuLU/uBL/ubcZF9OXbDo8ff4O8yVp5Bf0efS8uEoYo5q4Fx7dY9OgQGXgAsQA==",
        "dependencies": {}
      },
      "connect@3.7.0": {
        "integrity": "sha512-ZqRXc+tZukToSNmh5C2iWMSoV3X1YUcPbqEM4DkEG5tNQXrQUZCNVGGv3IuicnkMtPfGf3Xtp8WCXs295iQ1pQ==",
        "dependencies": {
          "debug": "debug@2.6.9",
          "finalhandler": "finalhandler@1.1.2",
          "parseurl": "parseurl@1.3.3",
          "utils-merge": "utils-merge@1.0.1"
        }
      },
      "copy-anything@2.0.6": {
        "integrity": "sha512-1j20GZTsvKNkc4BY3NpMOM8tt///wY3FpIzozTOFO2ffuZcV61nojHXVKIy3WM+7ADCy5FVhdZYHYDdgTU0yJw==",
        "dependencies": {
          "is-what": "is-what@3.14.1"
        }
      },
      "cross-spawn@7.0.5": {
        "integrity": "sha512-ZVJrKKYunU38/76t0RMOulHOnUcbU9GbpWKAOZ0mhjr7CX6FVrH+4FrAapSOekrgFQ3f/8gwMEuIft0aKq6Hug==",
        "dependencies": {
          "path-key": "path-key@3.1.1",
          "shebang-command": "shebang-command@2.0.0",
          "which": "which@2.0.2"
        }
      },
      "csstype@3.1.3": {
        "integrity": "sha512-M1uQkMl8rQK/szD0LNhtqxIPLpimGm8sOBwU7lLnCpSbTyY3yeU1Vc7l4KT5zT4s/yOxHH5O7tIuuLOCnLADRw==",
        "dependencies": {}
      },
      "debug@2.6.9": {
        "integrity": "sha512-bC7ElrdJaJnPbAP+1EotYvqZsb3ecl5wi6Bfi6BJTUcNowp6cvspg0jXznRTKDjm/E7AdgFBVeAPVMNcKGsHMA==",
        "dependencies": {
          "ms": "ms@2.0.0"
        }
      },
      "ee-first@1.1.1": {
        "integrity": "sha512-WMwm9LhRUo+WUaRN+vRuETqG89IgZphVSNkdFgeb6sS/E4OrDIN7t48CAewSHXc6C8lefD8KKfr5vY61brQlow==",
        "dependencies": {}
      },
      "encodeurl@1.0.2": {
        "integrity": "sha512-TPJXq8JqFaVYm2CWmPvnP2Iyo4ZSM7/QKcSmuMLDObfpH5fi7RUGmd/rTDf+rut/saiDiQEeVTNgAmJEdAOx0w==",
        "dependencies": {}
      },
      "entities@4.5.0": {
        "integrity": "sha512-V0hjH4dGPh9Ao5p0MoRY6BVqtwCjhz6vI5LT8AJ55H+4g9/4vbHx1I54fS0XuclLhDHArPQCiMjDxjaL8fPxhw==",
        "dependencies": {}
      },
      "errno@0.1.8": {
        "integrity": "sha512-dJ6oBr5SQ1VSd9qkk7ByRgb/1SH4JZjCHSW/mr63/QcXO9zLVxvJ6Oy13nio03rxpSnVDDjFor75SjVeZWPW/A==",
        "dependencies": {
          "prr": "prr@1.0.1"
        }
      },
      "esbuild-android-64@0.14.54": {
        "integrity": "sha512-Tz2++Aqqz0rJ7kYBfz+iqyE3QMycD4vk7LBRyWaAVFgFtQ/O8EJOnVmTOiDWYZ/uYzB4kvP+bqejYdVKzE5lAQ==",
        "dependencies": {}
      },
      "esbuild-android-64@0.15.18": {
        "integrity": "sha512-wnpt3OXRhcjfIDSZu9bnzT4/TNTDsOUvip0foZOUBG7QbSt//w3QV4FInVJxNhKc/ErhUxc5z4QjHtMi7/TbgA==",
        "dependencies": {}
      },
      "esbuild-android-arm64@0.14.54": {
        "integrity": "sha512-F9E+/QDi9sSkLaClO8SOV6etqPd+5DgJje1F9lOWoNncDdOBL2YF59IhsWATSt0TLZbYCf3pNlTHvVV5VfHdvg==",
        "dependencies": {}
      },
      "esbuild-android-arm64@0.15.18": {
        "integrity": "sha512-G4xu89B8FCzav9XU8EjsXacCKSG2FT7wW9J6hOc18soEHJdtWu03L3TQDGf0geNxfLTtxENKBzMSq9LlbjS8OQ==",
        "dependencies": {}
      },
      "esbuild-darwin-64@0.14.54": {
        "integrity": "sha512-jtdKWV3nBviOd5v4hOpkVmpxsBy90CGzebpbO9beiqUYVMBtSc0AL9zGftFuBon7PNDcdvNCEuQqw2x0wP9yug==",
        "dependencies": {}
      },
      "esbuild-darwin-64@0.15.18": {
        "integrity": "sha512-2WAvs95uPnVJPuYKP0Eqx+Dl/jaYseZEUUT1sjg97TJa4oBtbAKnPnl3b5M9l51/nbx7+QAEtuummJZW0sBEmg==",
        "dependencies": {}
      },
      "esbuild-darwin-arm64@0.14.54": {
        "integrity": "sha512-OPafJHD2oUPyvJMrsCvDGkRrVCar5aVyHfWGQzY1dWnzErjrDuSETxwA2HSsyg2jORLY8yBfzc1MIpUkXlctmw==",
        "dependencies": {}
      },
      "esbuild-darwin-arm64@0.15.18": {
        "integrity": "sha512-tKPSxcTJ5OmNb1btVikATJ8NftlyNlc8BVNtyT/UAr62JFOhwHlnoPrhYWz09akBLHI9nElFVfWSTSRsrZiDUA==",
        "dependencies": {}
      },
      "esbuild-freebsd-64@0.14.54": {
        "integrity": "sha512-OKwd4gmwHqOTp4mOGZKe/XUlbDJ4Q9TjX0hMPIDBUWWu/kwhBAudJdBoxnjNf9ocIB6GN6CPowYpR/hRCbSYAg==",
        "dependencies": {}
      },
      "esbuild-freebsd-64@0.15.18": {
        "integrity": "sha512-TT3uBUxkteAjR1QbsmvSsjpKjOX6UkCstr8nMr+q7zi3NuZ1oIpa8U41Y8I8dJH2fJgdC3Dj3CXO5biLQpfdZA==",
        "dependencies": {}
      },
      "esbuild-freebsd-arm64@0.14.54": {
        "integrity": "sha512-sFwueGr7OvIFiQT6WeG0jRLjkjdqWWSrfbVwZp8iMP+8UHEHRBvlaxL6IuKNDwAozNUmbb8nIMXa7oAOARGs1Q==",
        "dependencies": {}
      },
      "esbuild-freebsd-arm64@0.15.18": {
        "integrity": "sha512-R/oVr+X3Tkh+S0+tL41wRMbdWtpWB8hEAMsOXDumSSa6qJR89U0S/PpLXrGF7Wk/JykfpWNokERUpCeHDl47wA==",
        "dependencies": {}
      },
      "esbuild-linux-32@0.14.54": {
        "integrity": "sha512-1ZuY+JDI//WmklKlBgJnglpUL1owm2OX+8E1syCD6UAxcMM/XoWd76OHSjl/0MR0LisSAXDqgjT3uJqT67O3qw==",
        "dependencies": {}
      },
      "esbuild-linux-32@0.15.18": {
        "integrity": "sha512-lphF3HiCSYtaa9p1DtXndiQEeQDKPl9eN/XNoBf2amEghugNuqXNZA/ZovthNE2aa4EN43WroO0B85xVSjYkbg==",
        "dependencies": {}
      },
      "esbuild-linux-64@0.14.54": {
        "integrity": "sha512-EgjAgH5HwTbtNsTqQOXWApBaPVdDn7XcK+/PtJwZLT1UmpLoznPd8c5CxqsH2dQK3j05YsB3L17T8vE7cp4cCg==",
        "dependencies": {}
      },
      "esbuild-linux-64@0.15.18": {
        "integrity": "sha512-hNSeP97IviD7oxLKFuii5sDPJ+QHeiFTFLoLm7NZQligur8poNOWGIgpQ7Qf8Balb69hptMZzyOBIPtY09GZYw==",
        "dependencies": {}
      },
      "esbuild-linux-arm64@0.14.54": {
        "integrity": "sha512-WL71L+0Rwv+Gv/HTmxTEmpv0UgmxYa5ftZILVi2QmZBgX3q7+tDeOQNqGtdXSdsL8TQi1vIaVFHUPDe0O0kdig==",
        "dependencies": {}
      },
      "esbuild-linux-arm64@0.15.18": {
        "integrity": "sha512-54qr8kg/6ilcxd+0V3h9rjT4qmjc0CccMVWrjOEM/pEcUzt8X62HfBSeZfT2ECpM7104mk4yfQXkosY8Quptug==",
        "dependencies": {}
      },
      "esbuild-linux-arm@0.14.54": {
        "integrity": "sha512-qqz/SjemQhVMTnvcLGoLOdFpCYbz4v4fUo+TfsWG+1aOu70/80RV6bgNpR2JCrppV2moUQkww+6bWxXRL9YMGw==",
        "dependencies": {}
      },
      "esbuild-linux-arm@0.15.18": {
        "integrity": "sha512-UH779gstRblS4aoS2qpMl3wjg7U0j+ygu3GjIeTonCcN79ZvpPee12Qun3vcdxX+37O5LFxz39XeW2I9bybMVA==",
        "dependencies": {}
      },
      "esbuild-linux-mips64le@0.14.54": {
        "integrity": "sha512-qTHGQB8D1etd0u1+sB6p0ikLKRVuCWhYQhAHRPkO+OF3I/iSlTKNNS0Lh2Oc0g0UFGguaFZZiPJdJey3AGpAlw==",
        "dependencies": {}
      },
      "esbuild-linux-mips64le@0.15.18": {
        "integrity": "sha512-Mk6Ppwzzz3YbMl/ZZL2P0q1tnYqh/trYZ1VfNP47C31yT0K8t9s7Z077QrDA/guU60tGNp2GOwCQnp+DYv7bxQ==",
        "dependencies": {}
      },
      "esbuild-linux-ppc64le@0.14.54": {
        "integrity": "sha512-j3OMlzHiqwZBDPRCDFKcx595XVfOfOnv68Ax3U4UKZ3MTYQB5Yz3X1mn5GnodEVYzhtZgxEBidLWeIs8FDSfrQ==",
        "dependencies": {}
      },
      "esbuild-linux-ppc64le@0.15.18": {
        "integrity": "sha512-b0XkN4pL9WUulPTa/VKHx2wLCgvIAbgwABGnKMY19WhKZPT+8BxhZdqz6EgkqCLld7X5qiCY2F/bfpUUlnFZ9w==",
        "dependencies": {}
      },
      "esbuild-linux-riscv64@0.14.54": {
        "integrity": "sha512-y7Vt7Wl9dkOGZjxQZnDAqqn+XOqFD7IMWiewY5SPlNlzMX39ocPQlOaoxvT4FllA5viyV26/QzHtvTjVNOxHZg==",
        "dependencies": {}
      },
      "esbuild-linux-riscv64@0.15.18": {
        "integrity": "sha512-ba2COaoF5wL6VLZWn04k+ACZjZ6NYniMSQStodFKH/Pu6RxzQqzsmjR1t9QC89VYJxBeyVPTaHuBMCejl3O/xg==",
        "dependencies": {}
      },
      "esbuild-linux-s390x@0.14.54": {
        "integrity": "sha512-zaHpW9dziAsi7lRcyV4r8dhfG1qBidQWUXweUjnw+lliChJqQr+6XD71K41oEIC3Mx1KStovEmlzm+MkGZHnHA==",
        "dependencies": {}
      },
      "esbuild-linux-s390x@0.15.18": {
        "integrity": "sha512-VbpGuXEl5FCs1wDVp93O8UIzl3ZrglgnSQ+Hu79g7hZu6te6/YHgVJxCM2SqfIila0J3k0csfnf8VD2W7u2kzQ==",
        "dependencies": {}
      },
      "esbuild-netbsd-64@0.14.54": {
        "integrity": "sha512-PR01lmIMnfJTgeU9VJTDY9ZerDWVFIUzAtJuDHwwceppW7cQWjBBqP48NdeRtoP04/AtO9a7w3viI+PIDr6d+w==",
        "dependencies": {}
      },
      "esbuild-netbsd-64@0.15.18": {
        "integrity": "sha512-98ukeCdvdX7wr1vUYQzKo4kQ0N2p27H7I11maINv73fVEXt2kyh4K4m9f35U1K43Xc2QGXlzAw0K9yoU7JUjOg==",
        "dependencies": {}
      },
      "esbuild-openbsd-64@0.14.54": {
        "integrity": "sha512-Qyk7ikT2o7Wu76UsvvDS5q0amJvmRzDyVlL0qf5VLsLchjCa1+IAvd8kTBgUxD7VBUUVgItLkk609ZHUc1oCaw==",
        "dependencies": {}
      },
      "esbuild-openbsd-64@0.15.18": {
        "integrity": "sha512-yK5NCcH31Uae076AyQAXeJzt/vxIo9+omZRKj1pauhk3ITuADzuOx5N2fdHrAKPxN+zH3w96uFKlY7yIn490xQ==",
        "dependencies": {}
      },
      "esbuild-sunos-64@0.14.54": {
        "integrity": "sha512-28GZ24KmMSeKi5ueWzMcco6EBHStL3B6ubM7M51RmPwXQGLe0teBGJocmWhgwccA1GeFXqxzILIxXpHbl9Q/Kw==",
        "dependencies": {}
      },
      "esbuild-sunos-64@0.15.18": {
        "integrity": "sha512-On22LLFlBeLNj/YF3FT+cXcyKPEI263nflYlAhz5crxtp3yRG1Ugfr7ITyxmCmjm4vbN/dGrb/B7w7U8yJR9yw==",
        "dependencies": {}
      },
      "esbuild-windows-32@0.14.54": {
        "integrity": "sha512-T+rdZW19ql9MjS7pixmZYVObd9G7kcaZo+sETqNH4RCkuuYSuv9AGHUVnPoP9hhuE1WM1ZimHz1CIBHBboLU7w==",
        "dependencies": {}
      },
      "esbuild-windows-32@0.15.18": {
        "integrity": "sha512-o+eyLu2MjVny/nt+E0uPnBxYuJHBvho8vWsC2lV61A7wwTWC3jkN2w36jtA+yv1UgYkHRihPuQsL23hsCYGcOQ==",
        "dependencies": {}
      },
      "esbuild-windows-64@0.14.54": {
        "integrity": "sha512-AoHTRBUuYwXtZhjXZbA1pGfTo8cJo3vZIcWGLiUcTNgHpJJMC1rVA44ZereBHMJtotyN71S8Qw0npiCIkW96cQ==",
        "dependencies": {}
      },
      "esbuild-windows-64@0.15.18": {
        "integrity": "sha512-qinug1iTTaIIrCorAUjR0fcBk24fjzEedFYhhispP8Oc7SFvs+XeW3YpAKiKp8dRpizl4YYAhxMjlftAMJiaUw==",
        "dependencies": {}
      },
      "esbuild-windows-arm64@0.14.54": {
        "integrity": "sha512-M0kuUvXhot1zOISQGXwWn6YtS+Y/1RT9WrVIOywZnJHo3jCDyewAc79aKNQWFCQm+xNHVTq9h8dZKvygoXQQRg==",
        "dependencies": {}
      },
      "esbuild-windows-arm64@0.15.18": {
        "integrity": "sha512-q9bsYzegpZcLziq0zgUi5KqGVtfhjxGbnksaBFYmWLxeV/S1fK4OLdq2DFYnXcLMjlZw2L0jLsk1eGoB522WXQ==",
        "dependencies": {}
      },
      "esbuild@0.14.54": {
        "integrity": "sha512-Cy9llcy8DvET5uznocPyqL3BFRrFXSVqbgpMJ9Wz8oVjZlh/zUSNbPRbov0VX7VxN2JH1Oa0uNxZ7eLRb62pJA==",
        "dependencies": {
          "@esbuild/linux-loong64": "@esbuild/linux-loong64@0.14.54",
          "esbuild-android-64": "esbuild-android-64@0.14.54",
          "esbuild-android-arm64": "esbuild-android-arm64@0.14.54",
          "esbuild-darwin-64": "esbuild-darwin-64@0.14.54",
          "esbuild-darwin-arm64": "esbuild-darwin-arm64@0.14.54",
          "esbuild-freebsd-64": "esbuild-freebsd-64@0.14.54",
          "esbuild-freebsd-arm64": "esbuild-freebsd-arm64@0.14.54",
          "esbuild-linux-32": "esbuild-linux-32@0.14.54",
          "esbuild-linux-64": "esbuild-linux-64@0.14.54",
          "esbuild-linux-arm": "esbuild-linux-arm@0.14.54",
          "esbuild-linux-arm64": "esbuild-linux-arm64@0.14.54",
          "esbuild-linux-mips64le": "esbuild-linux-mips64le@0.14.54",
          "esbuild-linux-ppc64le": "esbuild-linux-ppc64le@0.14.54",
          "esbuild-linux-riscv64": "esbuild-linux-riscv64@0.14.54",
          "esbuild-linux-s390x": "esbuild-linux-s390x@0.14.54",
          "esbuild-netbsd-64": "esbuild-netbsd-64@0.14.54",
          "esbuild-openbsd-64": "esbuild-openbsd-64@0.14.54",
          "esbuild-sunos-64": "esbuild-sunos-64@0.14.54",
          "esbuild-windows-32": "esbuild-windows-32@0.14.54",
          "esbuild-windows-64": "esbuild-windows-64@0.14.54",
          "esbuild-windows-arm64": "esbuild-windows-arm64@0.14.54"
        }
      },
      "esbuild@0.15.18": {
        "integrity": "sha512-x/R72SmW3sSFRm5zrrIjAhCeQSAWoni3CmHEqfQrZIQTM3lVCdehdwuIqaOtfC2slvpdlLa62GYoN8SxT23m6Q==",
        "dependencies": {
          "@esbuild/android-arm": "@esbuild/android-arm@0.15.18",
          "@esbuild/linux-loong64": "@esbuild/linux-loong64@0.15.18",
          "esbuild-android-64": "esbuild-android-64@0.15.18",
          "esbuild-android-arm64": "esbuild-android-arm64@0.15.18",
          "esbuild-darwin-64": "esbuild-darwin-64@0.15.18",
          "esbuild-darwin-arm64": "esbuild-darwin-arm64@0.15.18",
          "esbuild-freebsd-64": "esbuild-freebsd-64@0.15.18",
          "esbuild-freebsd-arm64": "esbuild-freebsd-arm64@0.15.18",
          "esbuild-linux-32": "esbuild-linux-32@0.15.18",
          "esbuild-linux-64": "esbuild-linux-64@0.15.18",
          "esbuild-linux-arm": "esbuild-linux-arm@0.15.18",
          "esbuild-linux-arm64": "esbuild-linux-arm64@0.15.18",
          "esbuild-linux-mips64le": "esbuild-linux-mips64le@0.15.18",
          "esbuild-linux-ppc64le": "esbuild-linux-ppc64le@0.15.18",
          "esbuild-linux-riscv64": "esbuild-linux-riscv64@0.15.18",
          "esbuild-linux-s390x": "esbuild-linux-s390x@0.15.18",
          "esbuild-netbsd-64": "esbuild-netbsd-64@0.15.18",
          "esbuild-openbsd-64": "esbuild-openbsd-64@0.15.18",
          "esbuild-sunos-64": "esbuild-sunos-64@0.15.18",
          "esbuild-windows-32": "esbuild-windows-32@0.15.18",
          "esbuild-windows-64": "esbuild-windows-64@0.15.18",
          "esbuild-windows-arm64": "esbuild-windows-arm64@0.15.18"
        }
      },
      "escape-html@1.0.3": {
        "integrity": "sha512-NiSupZ4OeuGwr68lGIeym/ksIZMJodUGOSCZ/FSnTxcrekbvqrgdUxlJOMpijaKZVjAJrWrGs/6Jy8OMuyj9ow==",
        "dependencies": {}
      },
      "estree-walker@1.0.1": {
        "integrity": "sha512-1fMXF3YP4pZZVozF8j/ZLfvnR8NSIljt56UhbZ5PeeDmmGHpgpdwQt7ITlGvYaQukCvuBRMLEiKiYC+oeIg4cg==",
        "dependencies": {}
      },
      "estree-walker@2.0.2": {
        "integrity": "sha512-Rfkk/Mp/DL7JVje3u18FxFujQlTNR2q6QfMSMB7AvCBx91NGj/ba3kCfza0f6dVDbw7YlRf/nDrn7pQrCCyQ/w==",
        "dependencies": {}
      },
      "execa@9.5.1": {
        "integrity": "sha512-QY5PPtSonnGwhhHDNI7+3RvY285c7iuJFFB+lU+oEzMY/gEGJ808owqJsrr8Otd1E/x07po1LkUBmdAc5duPAg==",
        "dependencies": {
          "@sindresorhus/merge-streams": "@sindresorhus/merge-streams@4.0.0",
          "cross-spawn": "cross-spawn@7.0.5",
          "figures": "figures@6.1.0",
          "get-stream": "get-stream@9.0.1",
          "human-signals": "human-signals@8.0.0",
          "is-plain-obj": "is-plain-obj@4.1.0",
          "is-stream": "is-stream@4.0.1",
          "npm-run-path": "npm-run-path@6.0.0",
          "pretty-ms": "pretty-ms@9.1.0",
          "signal-exit": "signal-exit@4.1.0",
          "strip-final-newline": "strip-final-newline@4.0.0",
          "yoctocolors": "yoctocolors@2.1.1"
        }
      },
      "figures@6.1.0": {
        "integrity": "sha512-d+l3qxjSesT4V7v2fh+QnmFnUWv9lSpjarhShNTgBOfA0ttejbQUAlHLitbjkoRiDulW0OPoQPYIGhIC8ohejg==",
        "dependencies": {
          "is-unicode-supported": "is-unicode-supported@2.1.0"
        }
      },
      "finalhandler@1.1.2": {
        "integrity": "sha512-aAWcW57uxVNrQZqFXjITpW3sIUQmHGG3qSb9mUah9MgMC4NeWhNOlNjXEYq3HjRAvL6arUviZGGJsBg6z0zsWA==",
        "dependencies": {
          "debug": "debug@2.6.9",
          "encodeurl": "encodeurl@1.0.2",
          "escape-html": "escape-html@1.0.3",
          "on-finished": "on-finished@2.3.0",
          "parseurl": "parseurl@1.3.3",
          "statuses": "statuses@1.5.0",
          "unpipe": "unpipe@1.0.0"
        }
      },
      "fsevents@2.3.3": {
        "integrity": "sha512-5xoDfX+fL7faATnagmWPpbFtwh/R77WmMMqqHGS65C3vvB0YHrgF+B1YmZ3441tMj5n63k0212XNoJwzlhffQw==",
        "dependencies": {}
      },
      "function-bind@1.1.2": {
        "integrity": "sha512-7XHNxH7qX9xG5mIwxkhumTox/MIRNcOgDrxWsMt2pAr23WHp6MrRlN7FBSFpCpr+oVO0F744iUgR82nJMfG2SA==",
        "dependencies": {}
      },
      "get-stream@9.0.1": {
        "integrity": "sha512-kVCxPF3vQM/N0B1PmoqVUqgHP+EeVjmZSQn+1oCRPxd2P21P2F19lIgbR3HBosbB1PUhOAoctJnfEn2GbN2eZA==",
        "dependencies": {
          "@sec-ant/readable-stream": "@sec-ant/readable-stream@0.4.1",
          "is-stream": "is-stream@4.0.1"
        }
      },
      "graceful-fs@4.2.11": {
        "integrity": "sha512-RbJ5/jmFcNNCcDV5o9eTnBLJ/HszWV0P73bc+Ff4nS/rJj+YaS6IGyiOL0VoBYX+l1Wrl3k63h/KrH+nhJ0XvQ==",
        "dependencies": {}
      },
      "has-flag@4.0.0": {
        "integrity": "sha512-EykJT/Q1KjTWctppgIAgfSO0tKVuZUjhgMr17kqTumMl6Afv3EISleU7qZUzoXDFTAHTDC4NOoG/ZxU3EvlMPQ==",
        "dependencies": {}
      },
      "hasown@2.0.2": {
        "integrity": "sha512-0hJU9SCPvmMzIBdZFqNPXWa6dqh7WdH0cII9y+CyS8rG3nL48Bclra9HmKhVVUHyPWNH5Y7xDwAB7bfgSjkUMQ==",
        "dependencies": {
          "function-bind": "function-bind@1.1.2"
        }
      },
      "human-signals@8.0.0": {
        "integrity": "sha512-/1/GPCpDUCCYwlERiYjxoczfP0zfvZMU/OWgQPMya9AbAE24vseigFdhAMObpc8Q4lc/kjutPfUddDYyAmejnA==",
        "dependencies": {}
      },
      "iconv-lite@0.6.3": {
        "integrity": "sha512-4fCk79wshMdzMp2rH06qWrJE4iolqLhCUH+OiuIgU++RB0+94NlDL81atO7GX55uUKueo0txHNtvEyI6D7WdMw==",
        "dependencies": {
          "safer-buffer": "safer-buffer@2.1.2"
        }
      },
      "image-size@0.5.5": {
        "integrity": "sha512-6TDAlDPZxUFCv+fuOkIoXT/V/f3Qbq8e37p+YOiYrUv3v9cc3/6x78VdfPgFVaB9dZYeLUfKgHRebpkm/oP2VQ==",
        "dependencies": {}
      },
      "is-core-module@2.15.0": {
        "integrity": "sha512-Dd+Lb2/zvk9SKy1TGCt1wFJFo/MWBPMX5x7KcvLajWTGuomczdQX61PvY5yK6SVACwpoexWo81IfFyoKY2QnTA==",
        "dependencies": {
          "hasown": "hasown@2.0.2"
        }
      },
      "is-plain-obj@4.1.0": {
        "integrity": "sha512-+Pgi+vMuUNkJyExiMBt5IlFoMyKnr5zhJ4Uspz58WOhBF5QoIZkFyNHIbBAtHwzVAgk5RtndVNsDRN61/mmDqg==",
        "dependencies": {}
      },
      "is-stream@4.0.1": {
        "integrity": "sha512-Dnz92NInDqYckGEUJv689RbRiTSEHCQ7wOVeALbkOz999YpqT46yMRIGtSNl2iCL1waAZSx40+h59NV/EwzV/A==",
        "dependencies": {}
      },
      "is-unicode-supported@2.1.0": {
        "integrity": "sha512-mE00Gnza5EEB3Ds0HfMyllZzbBrmLOX3vfWoj9A9PEnTfratQ/BcaJOuMhnkhjXvb2+FkY3VuHqtAGpTPmglFQ==",
        "dependencies": {}
      },
      "is-what@3.14.1": {
        "integrity": "sha512-sNxgpk9793nzSs7bA6JQJGeIuRBQhAaNGG77kzYQgMkrID+lS6SlK07K5LaptscDlSaIgH+GPFzf+d75FVxozA==",
        "dependencies": {}
      },
      "isexe@2.0.0": {
        "integrity": "sha512-RHxMLp9lnKHGHRng9QFhRCMbYAcVpn69smSGcq3f36xjgVVWThj4qqLbTLlq7Ssj8B+fIQ1EuCEGI2lKsyQeIw==",
        "dependencies": {}
      },
      "js-tokens@4.0.0": {
        "integrity": "sha512-RdJUflcE3cUzKiMqQgsCu06FPu9UdIJO0beYbPhHN4k6apgJtifcoCtT9bcxOpYBtpD2kCM6Sbzg4CausW/PKQ==",
        "dependencies": {}
      },
      "less@4.2.0": {
        "integrity": "sha512-P3b3HJDBtSzsXUl0im2L7gTO5Ubg8mEN6G8qoTS77iXxXX4Hvu4Qj540PZDvQ8V6DmX6iXo98k7Md0Cm1PrLaA==",
        "dependencies": {
          "copy-anything": "copy-anything@2.0.6",
          "errno": "errno@0.1.8",
          "graceful-fs": "graceful-fs@4.2.11",
          "image-size": "image-size@0.5.5",
          "make-dir": "make-dir@2.1.0",
          "mime": "mime@1.6.0",
          "needle": "needle@3.3.1",
          "parse-node-version": "parse-node-version@1.0.1",
          "source-map": "source-map@0.6.1",
          "tslib": "tslib@2.8.1"
        }
      },
      "loose-envify@1.4.0": {
        "integrity": "sha512-lyuxPGr/Wfhrlem2CL/UcnUc1zcqKAImBDzukY7Y5F/yQiNdko6+fRLevlw1HgMySw7f611UIY408EtxRSoK3Q==",
        "dependencies": {
          "js-tokens": "js-tokens@4.0.0"
        }
      },
      "magic-string@0.25.9": {
        "integrity": "sha512-RmF0AsMzgt25qzqqLc1+MbHmhdx0ojF2Fvs4XnOqz2ZOBXzzkEwc/dJQZCYHAn7v1jbVOjAZfK8msRn4BxO4VQ==",
        "dependencies": {
          "sourcemap-codec": "sourcemap-codec@1.4.8"
        }
      },
      "magic-string@0.30.12": {
        "integrity": "sha512-Ea8I3sQMVXr8JhN4z+H/d8zwo+tYDgHE9+5G4Wnrwhs0gaK9fXTKx0Tw5Xwsd/bCPTTZNRAdpyzvoeORe9LYpw==",
        "dependencies": {
          "@jridgewell/sourcemap-codec": "@jridgewell/sourcemap-codec@1.5.0"
        }
      },
      "make-dir@2.1.0": {
        "integrity": "sha512-LS9X+dc8KLxXCb8dni79fLIIUA5VyZoyjSMCwTluaXA0o27cCK0bhXkpgw+sTXVpPy/lSO57ilRixqk0vDmtRA==",
        "dependencies": {
          "pify": "pify@4.0.1",
          "semver": "semver@5.7.2"
        }
      },
      "mime@1.6.0": {
        "integrity": "sha512-x0Vn8spI+wuJ1O6S7gnbaQg8Pxh4NNHb7KSINmEWKiPE4RKOplvijn+NkmYmmRgP68mc70j2EbeTFRsrswaQeg==",
        "dependencies": {}
      },
      "ms@2.0.0": {
        "integrity": "sha512-Tpp60P6IUJDTuOq/5Z8cdskzJujfwqfOTkrwIwj7IRISpnkJnT6SyJ4PCPnGMoFjC9ddhal5KVIYtAt97ix05A==",
        "dependencies": {}
      },
      "nanoid@3.3.7": {
        "integrity": "sha512-eSRppjcPIatRIMC1U6UngP8XFcz8MQWGQdt1MTBQ7NaAmvXDfvNxbvWV3x2y6CdEUciCSsDHDQZbhYaB8QEo2g==",
        "dependencies": {}
      },
      "needle@3.3.1": {
        "integrity": "sha512-6k0YULvhpw+RoLNiQCRKOl09Rv1dPLr8hHnVjHqdolKwDrdNyk+Hmrthi4lIGPPz3r39dLx0hsF5s40sZ3Us4Q==",
        "dependencies": {
          "iconv-lite": "iconv-lite@0.6.3",
          "sax": "sax@1.4.1"
        }
      },
      "node-fetch@2.7.0": {
        "integrity": "sha512-c4FRfUm/dbcWZ7U+1Wq0AwCyFL+3nt2bEw05wfxSz+DWpWsitgmSgYmy2dQdWyKC1694ELPqMs/YzUSNozLt8A==",
        "dependencies": {
          "whatwg-url": "whatwg-url@5.0.0"
        }
      },
      "npm-run-path@6.0.0": {
        "integrity": "sha512-9qny7Z9DsQU8Ou39ERsPU4OZQlSTP47ShQzuKZ6PRXpYLtIFgl/DEBYEXKlvcEa+9tHVcK8CF81Y2V72qaZhWA==",
        "dependencies": {
          "path-key": "path-key@4.0.0",
          "unicorn-magic": "unicorn-magic@0.3.0"
        }
      },
      "on-finished@2.3.0": {
        "integrity": "sha512-ikqdkGAAyf/X/gPhXGvfgAytDZtDbr+bkNUJ0N9h5MI/dmdgCs3l6hoHrcUv41sRKew3jIwrp4qQDXiK99Utww==",
        "dependencies": {
          "ee-first": "ee-first@1.1.1"
        }
      },
      "parse-ms@4.0.0": {
        "integrity": "sha512-TXfryirbmq34y8QBwgqCVLi+8oA3oWx2eAnSn62ITyEhEYaWRlVZ2DvMM9eZbMs/RfxPu/PK/aBLyGj4IrqMHw==",
        "dependencies": {}
      },
      "parse-node-version@1.0.1": {
        "integrity": "sha512-3YHlOa/JgH6Mnpr05jP9eDG254US9ek25LyIxZlDItp2iJtwyaXQb57lBYLdT3MowkUFYEV2XXNAYIPlESvJlA==",
        "dependencies": {}
      },
      "parseurl@1.3.3": {
        "integrity": "sha512-CiyeOxFT/JZyN5m0z9PfXw4SCBJ6Sygz1Dpl0wqjlhDEGGBP1GnsUVEL0p63hoG1fcj3fHynXi9NYO4nWOL+qQ==",
        "dependencies": {}
      },
      "path-key@3.1.1": {
        "integrity": "sha512-ojmeN0qd+y0jszEtoY48r0Peq5dwMEkIlCOu6Q5f41lfkswXuKtYrhgoTpLnyIcHm24Uhqx+5Tqm2InSwLhE6Q==",
        "dependencies": {}
      },
      "path-key@4.0.0": {
        "integrity": "sha512-haREypq7xkM7ErfgIyA0z+Bj4AGKlMSdlQE2jvJo6huWD1EdkKYV+G/T4nq0YEF2vgTT8kqMFKo1uHn950r4SQ==",
        "dependencies": {}
      },
      "path-parse@1.0.7": {
        "integrity": "sha512-LDJzPVEEEPR+y48z93A0Ed0yXb8pAByGWo/k5YYdYgpY2/2EsOsksJrq7lOHxryrVOn1ejG6oAp8ahvOIQD8sw==",
        "dependencies": {}
      },
      "picocolors@1.1.1": {
        "integrity": "sha512-xceH2snhtb5M9liqDsmEw56le376mTZkEX/jEb/RxNFyegNul7eNslCXP9FDj/Lcu0X8KEyMceP2ntpaHrDEVA==",
        "dependencies": {}
      },
      "picomatch@2.3.1": {
        "integrity": "sha512-JU3teHTNjmE2VCGFzuY8EXzCDVwEqB2a8fsIvwaStHhAWJEeVd1o1QD80CU6+ZdEXXSLbSsuLwJjkCBWqRQUVA==",
        "dependencies": {}
      },
      "pify@4.0.1": {
        "integrity": "sha512-uB80kBFb/tfd68bVleG9T5GGsGPjJrLAUpR5PZIrhBnIaRTQRjqdJSsIKkOP6OAIFbj7GOrcudc5pNjZ+geV2g==",
        "dependencies": {}
      },
      "postcss@8.4.48": {
        "integrity": "sha512-GCRK8F6+Dl7xYniR5a4FYbpBzU8XnZVeowqsQFYdcXuSbChgiks7qybSkbvnaeqv0G0B+dd9/jJgH8kkLDQeEA==",
        "dependencies": {
          "nanoid": "nanoid@3.3.7",
          "picocolors": "picocolors@1.1.1",
          "source-map-js": "source-map-js@1.2.1"
        }
      },
      "pretty-ms@9.1.0": {
        "integrity": "sha512-o1piW0n3tgKIKCwk2vpM/vOV13zjJzvP37Ioze54YlTHE06m4tjEbzg9WsKkvTuyYln2DHjo5pY4qrZGI0otpw==",
        "dependencies": {
          "parse-ms": "parse-ms@4.0.0"
        }
      },
      "prr@1.0.1": {
        "integrity": "sha512-yPw4Sng1gWghHQWj0B3ZggWUm4qVbPwPFcRG8KyxiU7J2OHFSoEHKS+EZ3fv5l1t9CyCiop6l/ZYeWbrgoQejw==",
        "dependencies": {}
      },
      "react-ssr-prepass@1.6.0_react@18.3.1": {
        "integrity": "sha512-M10nxc95Sfm00fXm+tLkC1MWG5NLWEBgWoGrPSnAqEFM4BUaoy97JvVw+m3iL74ZHzj86M33rPiFi738hEFLWg==",
        "dependencies": {
          "react": "react@18.3.1"
        }
      },
      "react@18.3.1": {
        "integrity": "sha512-wS+hAgJShR0KhEvPJArfuPVN1+Hz1t0Y6n5jLrGQbkb4urgPE/0Rve+1kMB1v/oWgHgm4WIcV+i7F2pTVj+2iQ==",
        "dependencies": {
          "loose-envify": "loose-envify@1.4.0"
        }
      },
      "resolve@1.22.8": {
        "integrity": "sha512-oKWePCxqpd6FlLvGV1VU0x7bkPmmCNolxzjMf4NczoDnQcIWrAF+cPtZn5i6n+RfD2d9i0tzpKnG6Yk168yIyw==",
        "dependencies": {
          "is-core-module": "is-core-module@2.15.0",
          "path-parse": "path-parse@1.0.7",
          "supports-preserve-symlinks-flag": "supports-preserve-symlinks-flag@1.0.0"
        }
      },
      "rollup@2.77.3": {
        "integrity": "sha512-/qxNTG7FbmefJWoeeYJFbHehJ2HNWnjkAFRKzWN/45eNBBF/r8lo992CwcJXEzyVxs5FmfId+vTSTQDb+bxA+g==",
        "dependencies": {
          "fsevents": "fsevents@2.3.3"
        }
      },
      "rollup@2.79.2": {
        "integrity": "sha512-fS6iqSPZDs3dr/y7Od6y5nha8dW1YnbgtsyotCVvoFGKbERG++CVRFv1meyGDE1SNItQA8BrnCw7ScdAhRJ3XQ==",
        "dependencies": {
          "fsevents": "fsevents@2.3.3"
        }
      },
      "safer-buffer@2.1.2": {
        "integrity": "sha512-YZo3K82SD7Riyi0E1EQPojLz7kpepnSQI9IyPbHHg1XXXevb5dJI7tpyN2ADxGcQbHG7vcyRHk0cbwqcQriUtg==",
        "dependencies": {}
      },
      "sax@1.4.1": {
        "integrity": "sha512-+aWOz7yVScEGoKNd4PA10LZ8sk0A/z5+nXQG5giUO5rprX9jgYsTdov9qCchZiPIZezbZH+jRut8nPodFAX4Jg==",
        "dependencies": {}
      },
      "semver@5.7.2": {
        "integrity": "sha512-cBznnQ9KjJqU67B52RMC65CMarK2600WFnbkcaiwWq3xy/5haFJlshgnpjovMVJ+Hff49d8GEn0b87C5pDQ10g==",
        "dependencies": {}
      },
      "shebang-command@2.0.0": {
        "integrity": "sha512-kHxr2zZpYtdmrN1qDjrrX/Z1rR1kG8Dx+gkpK1G4eXmvXswmcE1hTWBWYUzlraYw1/yZp6YuDY77YtvbN0dmDA==",
        "dependencies": {
          "shebang-regex": "shebang-regex@3.0.0"
        }
      },
      "shebang-regex@3.0.0": {
        "integrity": "sha512-7++dFhtcx3353uBaq8DDR4NuxBetBzC7ZQOhmTQInHEd6bSrXdiEyzCvG07Z44UYdLShWUyXt5M/yhz8ekcb1A==",
        "dependencies": {}
      },
      "signal-exit@4.1.0": {
        "integrity": "sha512-bzyZ1e88w9O1iNJbKnOlvYTrWPDl46O1bG0D3XInv+9tkPrxrN8jUUTiFlDkkmKWgn1M6CfIA13SuGqOa9Korw==",
        "dependencies": {}
      },
      "source-map-js@1.2.1": {
        "integrity": "sha512-UXWMKhLOwVKb728IUtQPXxfYU+usdybtUrK/8uGE8CQMvrhOpwvzDBwj0QhSL7MQc7vIsISBG8VQ8+IDQxpfQA==",
        "dependencies": {}
      },
      "source-map@0.6.1": {
        "integrity": "sha512-UjgapumWlbMhkBgzT7Ykc5YXUT46F0iKu8SGXq0bcwP5dz/h0Plj6enJqjz1Zbq2l5WaqYnrVbwWOWMyF3F47g==",
        "dependencies": {}
      },
      "sourcemap-codec@1.4.8": {
        "integrity": "sha512-9NykojV5Uih4lgo5So5dtw+f0JgJX30KCNI8gwhz2J9A15wD0Ml6tjHKwf6fTSa6fAdVBdZeNOs9eJ71qCk8vA==",
        "dependencies": {}
      },
      "statuses@1.5.0": {
        "integrity": "sha512-OpZ3zP+jT1PI7I8nemJX4AKmAX070ZkYPVWV/AaKTJl+tXCTGyVdC1a4SL8RUQYEwk/f34ZX8UTykN68FwrqAA==",
        "dependencies": {}
      },
      "strip-final-newline@4.0.0": {
        "integrity": "sha512-aulFJcD6YK8V1G7iRB5tigAP4TsHBZZrOV8pjV++zdUwmeV8uzbY7yn6h9MswN62adStNZFuCIx4haBnRuMDaw==",
        "dependencies": {}
      },
      "supports-color@7.2.0": {
        "integrity": "sha512-qpCAvRl9stuOHveKsn7HncJRvv501qIacKzQlO/+Lwxc9+0q2wLyv4Dfvt80/DPn2pqOBsJdDiogXGR9+OvwRw==",
        "dependencies": {
          "has-flag": "has-flag@4.0.0"
        }
      },
      "supports-preserve-symlinks-flag@1.0.0": {
        "integrity": "sha512-ot0WnXS9fgdkgIcePe6RHNk1WA8+muPa6cSjeR3V8K27q9BB1rTE3R1p7Hv0z1ZyAc8s6Vvv8DIyWf681MAt0w==",
        "dependencies": {}
      },
      "tr46@0.0.3": {
        "integrity": "sha512-N3WMsuqV66lT30CrXNbEjx4GEwlow3v6rr4mCcv6prnfwhS01rkgyFdjPNBYd9br7LpXV1+Emh01fHnq2Gdgrw==",
        "dependencies": {}
      },
      "tslib@2.8.1": {
        "integrity": "sha512-oJFu94HQb+KVduSUQL7wnpmqnfmLsOA/nAh6b6EH0wCEoK0/mPeXU6c3wKDV83MkOuHPRHtSXKKU99IBazS/2w==",
        "dependencies": {}
      },
      "unicorn-magic@0.3.0": {
        "integrity": "sha512-+QBBXBCvifc56fsbuxZQ6Sic3wqqc3WWaqxs58gvJrcOuN83HGTCwz3oS5phzU9LthRNE9VrJCFCLUgHeeFnfA==",
        "dependencies": {}
      },
      "unpipe@1.0.0": {
        "integrity": "sha512-pjy2bYhSsufwWlKwPc+l3cN7+wuJlK6uz0YdJEOlQDbl6jo/YlPi4mb8agUkVC8BF7V8NuzeyPNqRksA3hztKQ==",
        "dependencies": {}
      },
      "utils-merge@1.0.1": {
        "integrity": "sha512-pMZTvIkT1d+TFGvDOqodOclx0QWkkgi6Tdoa8gC8ffGAAqz9pzPTZWAybbsHHoED/ztMtkv/VoYTYyShUn81hA==",
        "dependencies": {}
      },
      "vite-ssr@0.16.0_vite@2.9.18__less@4.2.0_less@4.2.0": {
        "integrity": "sha512-Yo6dO1gT019+aeTSEGV0ggiL06wy8VHMcM9nkv58upfMWLBsaIyr5zJufuEtDsaNyMS7r30IACuTmbpk7IPReg==",
        "dependencies": {
          "@rollup/plugin-replace": "@rollup/plugin-replace@3.1.0_rollup@2.79.2",
          "@vue/server-renderer": "@vue/server-renderer@3.5.12_vue@3.5.12",
          "chalk": "chalk@4.1.2",
          "connect": "connect@3.7.0",
          "node-fetch": "node-fetch@2.7.0",
          "react-ssr-prepass": "react-ssr-prepass@1.6.0_react@18.3.1",
          "vite": "vite@2.9.18_less@4.2.0"
        }
      },
      "vite@2.9.18_less@4.2.0": {
        "integrity": "sha512-sAOqI5wNM9QvSEE70W3UGMdT8cyEn0+PmJMTFvTB8wB0YbYUWw3gUbY62AOyrXosGieF2htmeLATvNxpv/zNyQ==",
        "dependencies": {
          "esbuild": "esbuild@0.14.54",
          "fsevents": "fsevents@2.3.3",
          "less": "less@4.2.0",
          "postcss": "postcss@8.4.48",
          "resolve": "resolve@1.22.8",
          "rollup": "rollup@2.77.3"
        }
      },
      "vite@3.2.11_less@4.2.0": {
        "integrity": "sha512-K/jGKL/PgbIgKCiJo5QbASQhFiV02X9Jh+Qq0AKCRCRKZtOTVi4t6wh75FDpGf2N9rYOnzH87OEFQNaFy6pdxQ==",
        "dependencies": {
          "esbuild": "esbuild@0.15.18",
          "fsevents": "fsevents@2.3.3",
          "less": "less@4.2.0",
          "postcss": "postcss@8.4.48",
          "resolve": "resolve@1.22.8",
          "rollup": "rollup@2.79.2"
        }
      },
      "vue@3.5.12": {
        "integrity": "sha512-CLVZtXtn2ItBIi/zHZ0Sg1Xkb7+PU32bJJ8Bmy7ts3jxXTcbfsEfBivFYYWz1Hur+lalqGAh65Coin0r+HRUfg==",
        "dependencies": {
          "@vue/compiler-dom": "@vue/compiler-dom@3.5.12",
          "@vue/compiler-sfc": "@vue/compiler-sfc@3.5.12",
          "@vue/runtime-dom": "@vue/runtime-dom@3.5.12",
          "@vue/server-renderer": "@vue/server-renderer@3.5.12_vue@3.5.12",
          "@vue/shared": "@vue/shared@3.5.12"
        }
      },
      "webidl-conversions@3.0.1": {
        "integrity": "sha512-2JAn3z8AR6rjK8Sm8orRC0h/bcl/DqL7tRPdGZ4I1CjdF+EaMLmYxBHyXuKL849eucPFhvBoxMsflfOb8kxaeQ==",
        "dependencies": {}
      },
      "whatwg-url@5.0.0": {
        "integrity": "sha512-saE57nupxk6v3HY35+jzBwYa0rKSy0XR8JSxZPwgLr7ys0IBzhGviA1/TUGJLmSVqs8pb9AnvICXEuOHLprYTw==",
        "dependencies": {
          "tr46": "tr46@0.0.3",
          "webidl-conversions": "webidl-conversions@3.0.1"
        }
      },
      "which@2.0.2": {
        "integrity": "sha512-BLI3Tl1TW3Pvl70l3yq3Y64i+awpwXqsGBYWkkqMtnbXgrMD+yj7rhW0kuEDxzJaYXGjEW5ogapKNMEKNMjibA==",
        "dependencies": {
          "isexe": "isexe@2.0.0"
        }
      },
      "yoctocolors@2.1.1": {
        "integrity": "sha512-GQHQqAopRhwU8Kt1DDM8NjibDXHC8eoh1erhGAJPEyveY9qqVeXvVikNKrDz69sHowPMorbPUrH/mx8c50eiBQ==",
        "dependencies": {}
      }
    }
  },
  "remote": {},
  "workspace": {
    "packageJson": {
      "dependencies": [
        "npm:execa@^9.5.1",
        "npm:less@^4.1.3",
        "npm:picocolors@^1.1.1",
        "npm:vite-ssr@^0.16.0",
        "npm:vite@^3.1.2"
      ]
    }
  }
}
